
Microsoft Visual Studio Solution File, Format Version 12.00
# Visual Studio Version 17
VisualStudioVersion = 17.5.002.0
MinimumVisualStudioVersion = 10.0.40219.1
Project("{FAE04EC0-301F-11D3-BF4B-00C04F79EFBC}") = "KeyValueStore", "KeyValueStore\KeyValueStore.csproj", "{5DB0AA0E-ED7D-4699-8A62-6F47D49BB836}"
EndProject
Project("{FAE04EC0-301F-11D3-BF4B-00C04F79EFBC}") = "Common.Test", "Common.Test\Common.Test.csproj", "{D54066A0-BF5A-4E91-AD59-779C2F2F40E5}"
EndProject
Project("{FAE04EC0-301F-11D3-BF4B-00C04F79EFBC}") = "Common", "Common\Common.csproj", "{7D08DAE0-4FF0-420C-A116-2898AF9E53CC}"
EndProject
Global
	GlobalSection(SolutionConfigurationPlatforms) = preSolution
		Debug|Any CPU = Debug|Any CPU
		Release|Any CPU = Release|Any CPU
	EndGlobalSection
	GlobalSection(ProjectConfigurationPlatforms) = postSolution
		{5DB0AA0E-ED7D-4699-8A62-6F47D49BB836}.Debug|Any CPU.ActiveCfg = Debug|Any CPU
		{5DB0AA0E-ED7D-4699-8A62-6F47D49BB836}.Debug|Any CPU.Build.0 = Debug|Any CPU
		{5DB0AA0E-ED7D-4699-8A62-6F47D49BB836}.Release|Any CPU.ActiveCfg = Release|Any CPU
		{5DB0AA0E-ED7D-4699-8A62-6F47D49BB836}.Release|Any CPU.Build.0 = Release|Any CPU
		{D54066A0-BF5A-4E91-AD59-779C2F2F40E5}.Debug|Any CPU.ActiveCfg = Debug|Any CPU
		{D54066A0-BF5A-4E91-AD59-779C2F2F40E5}.Debug|Any CPU.Build.0 = Debug|Any CPU
		{D54066A0-BF5A-4E91-AD59-779C2F2F40E5}.Release|Any CPU.ActiveCfg = Release|Any CPU
		{D54066A0-BF5A-4E91-AD59-779C2F2F40E5}.Release|Any CPU.Build.0 = Release|Any CPU
		{7D08DAE0-4FF0-420C-A116-2898AF9E53CC}.Debug|Any CPU.ActiveCfg = Debug|Any CPU
		{7D08DAE0-4FF0-420C-A116-2898AF9E53CC}.Debug|Any CPU.Build.0 = Debug|Any CPU
		{7D08DAE0-4FF0-420C-A116-2898AF9E53CC}.Release|Any CPU.ActiveCfg = Release|Any CPU
		{7D08DAE0-4FF0-420C-A116-2898AF9E53CC}.Release|Any CPU.Build.0 = Release|Any CPU
	EndGlobalSection
	GlobalSection(SolutionProperties) = preSolution
		HideSolutionNode = FALSE
	EndGlobalSection
	GlobalSection(ExtensibilityGlobals) = postSolution
		SolutionGuid = {C026F461-DED6-4BE8-9E48-7CB8DA1E56C7}
	EndGlobalSection
EndGlobal
